
Microsoft Visual Studio Solution File, Format Version 12.00
# Visual Studio Version 17
VisualStudioVersion = 17.7.34221.43
MinimumVisualStudioVersion = 10.0.40219.1
Project("{FAE04EC0-301F-11D3-BF4B-00C04F79EFBC}") = "IMMOD8.2", "IMMOD8.2\IMMOD8.2.csproj", "{594DEA24-C6E6-47B3-8E8E-411E3475FE6E}"
EndProject
Global
	GlobalSection(SolutionConfigurationPlatforms) = preSolution
		Debug|Any CPU = Debug|Any CPU
		Release|Any CPU = Release|Any CPU
	EndGlobalSection
	GlobalSection(ProjectConfigurationPlatforms) = postSolution
		{594DEA24-C6E6-47B3-8E8E-411E3475FE6E}.Debug|Any CPU.ActiveCfg = Debug|Any CPU
		{594DEA24-C6E6-47B3-8E8E-411E3475FE6E}.Debug|Any CPU.Build.0 = Debug|Any CPU
		{594DEA24-C6E6-47B3-8E8E-411E3475FE6E}.Release|Any CPU.ActiveCfg = Release|Any CPU
		{594DEA24-C6E6-47B3-8E8E-411E3475FE6E}.Release|Any CPU.Build.0 = Release|Any CPU
	EndGlobalSection
	GlobalSection(SolutionProperties) = preSolution
		HideSolutionNode = FALSE
	EndGlobalSection
	GlobalSection(ExtensibilityGlobals) = postSolution
		SolutionGuid = {ADF1F31C-4E1E-4B5F-B106-AC360E504495}
	EndGlobalSection
EndGlobal
